
Microsoft Visual Studio Solution File, Format Version 12.00
# Visual Studio Version 17
VisualStudioVersion = 17.10.34916.146
MinimumVisualStudioVersion = 10.0.40219.1
Project("{2150E333-8FDC-42A3-9474-1A3956D46DE8}") = "Presentation", "Presentation", "{C02A98B6-FC0C-40ED-A8F2-D78FD1290E02}"
EndProject
Project("{9A19103F-16F7-4668-BE54-9A1E7A4F7556}") = "WebApp", "WebApp\WebApp.csproj", "{A3AF5DF4-82D3-46E9-A2C2-994C27D90B23}"
EndProject
Project("{2150E333-8FDC-42A3-9474-1A3956D46DE8}") = "infrastructure", "infrastructure", "{075F82EB-285D-4699-B1F7-7A7515CE6464}"
EndProject
Project("{9A19103F-16F7-4668-BE54-9A1E7A4F7556}") = "Survey.Questionnaires", "Survey.Questionnaire\Survey.Questionnaires.csproj", "{F3AC21FB-8944-479F-84F1-B932A2025041}"
EndProject
Project("{2150E333-8FDC-42A3-9474-1A3956D46DE8}") = "Shared", "Shared", "{A0ECD41D-64B0-49FF-8996-5C62EC446DBB}"
EndProject
Project("{9A19103F-16F7-4668-BE54-9A1E7A4F7556}") = "Survey.Common", "Survey.Common\Survey.Common.csproj", "{A35DEB09-9FCD-4096-BB76-9670A4B1767F}"
EndProject
Project("{9A19103F-16F7-4668-BE54-9A1E7A4F7556}") = "Survey.University", "Survey.University\Survey.University.csproj", "{95BF39AC-CEB6-4908-892D-300D9A084ECD}"
EndProject
Project("{FAE04EC0-301F-11D3-BF4B-00C04F79EFBC}") = "Survey.Users", "Survey.Users\Survey.Users.csproj", "{892325EC-5947-409F-8EB2-EDE34EAFA343}"
EndProject
Project("{2150E333-8FDC-42A3-9474-1A3956D46DE8}") = "Core", "Core", "{2DBCBC84-EE6F-480A-BFF3-CD5FB7893204}"
EndProject
Project("{FAE04EC0-301F-11D3-BF4B-00C04F79EFBC}") = "Survey.Facade", "Survey.Facade\Survey.Facade.csproj", "{F9A2983F-8BD4-4784-8BA8-5FC17D8EE214}"
EndProject
Global
	GlobalSection(SolutionConfigurationPlatforms) = preSolution
		Debug|Any CPU = Debug|Any CPU
		Release|Any CPU = Release|Any CPU
	EndGlobalSection
	GlobalSection(ProjectConfigurationPlatforms) = postSolution
		{A3AF5DF4-82D3-46E9-A2C2-994C27D90B23}.Debug|Any CPU.ActiveCfg = Debug|Any CPU
		{A3AF5DF4-82D3-46E9-A2C2-994C27D90B23}.Debug|Any CPU.Build.0 = Debug|Any CPU
		{A3AF5DF4-82D3-46E9-A2C2-994C27D90B23}.Release|Any CPU.ActiveCfg = Release|Any CPU
		{A3AF5DF4-82D3-46E9-A2C2-994C27D90B23}.Release|Any CPU.Build.0 = Release|Any CPU
		{F3AC21FB-8944-479F-84F1-B932A2025041}.Debug|Any CPU.ActiveCfg = Debug|Any CPU
		{F3AC21FB-8944-479F-84F1-B932A2025041}.Debug|Any CPU.Build.0 = Debug|Any CPU
		{F3AC21FB-8944-479F-84F1-B932A2025041}.Release|Any CPU.ActiveCfg = Release|Any CPU
		{F3AC21FB-8944-479F-84F1-B932A2025041}.Release|Any CPU.Build.0 = Release|Any CPU
		{A35DEB09-9FCD-4096-BB76-9670A4B1767F}.Debug|Any CPU.ActiveCfg = Debug|Any CPU
		{A35DEB09-9FCD-4096-BB76-9670A4B1767F}.Debug|Any CPU.Build.0 = Debug|Any CPU
		{A35DEB09-9FCD-4096-BB76-9670A4B1767F}.Release|Any CPU.ActiveCfg = Release|Any CPU
		{A35DEB09-9FCD-4096-BB76-9670A4B1767F}.Release|Any CPU.Build.0 = Release|Any CPU
		{95BF39AC-CEB6-4908-892D-300D9A084ECD}.Debug|Any CPU.ActiveCfg = Debug|Any CPU
		{95BF39AC-CEB6-4908-892D-300D9A084ECD}.Debug|Any CPU.Build.0 = Debug|Any CPU
		{95BF39AC-CEB6-4908-892D-300D9A084ECD}.Release|Any CPU.ActiveCfg = Release|Any CPU
		{95BF39AC-CEB6-4908-892D-300D9A084ECD}.Release|Any CPU.Build.0 = Release|Any CPU
		{892325EC-5947-409F-8EB2-EDE34EAFA343}.Debug|Any CPU.ActiveCfg = Debug|Any CPU
		{892325EC-5947-409F-8EB2-EDE34EAFA343}.Debug|Any CPU.Build.0 = Debug|Any CPU
		{892325EC-5947-409F-8EB2-EDE34EAFA343}.Release|Any CPU.ActiveCfg = Release|Any CPU
		{892325EC-5947-409F-8EB2-EDE34EAFA343}.Release|Any CPU.Build.0 = Release|Any CPU
		{F9A2983F-8BD4-4784-8BA8-5FC17D8EE214}.Debug|Any CPU.ActiveCfg = Debug|Any CPU
		{F9A2983F-8BD4-4784-8BA8-5FC17D8EE214}.Debug|Any CPU.Build.0 = Debug|Any CPU
		{F9A2983F-8BD4-4784-8BA8-5FC17D8EE214}.Release|Any CPU.ActiveCfg = Release|Any CPU
		{F9A2983F-8BD4-4784-8BA8-5FC17D8EE214}.Release|Any CPU.Build.0 = Release|Any CPU
	EndGlobalSection
	GlobalSection(SolutionProperties) = preSolution
		HideSolutionNode = FALSE
	EndGlobalSection
	GlobalSection(NestedProjects) = preSolution
		{A3AF5DF4-82D3-46E9-A2C2-994C27D90B23} = {C02A98B6-FC0C-40ED-A8F2-D78FD1290E02}
		{F3AC21FB-8944-479F-84F1-B932A2025041} = {075F82EB-285D-4699-B1F7-7A7515CE6464}
		{A35DEB09-9FCD-4096-BB76-9670A4B1767F} = {A0ECD41D-64B0-49FF-8996-5C62EC446DBB}
		{95BF39AC-CEB6-4908-892D-300D9A084ECD} = {075F82EB-285D-4699-B1F7-7A7515CE6464}
		{892325EC-5947-409F-8EB2-EDE34EAFA343} = {075F82EB-285D-4699-B1F7-7A7515CE6464}
		{F9A2983F-8BD4-4784-8BA8-5FC17D8EE214} = {2DBCBC84-EE6F-480A-BFF3-CD5FB7893204}
	EndGlobalSection
	GlobalSection(ExtensibilityGlobals) = postSolution
		SolutionGuid = {AB241FA2-4613-4EE8-9DF8-60A15BF36BC8}
	EndGlobalSection
EndGlobal
